
Microsoft Visual Studio Solution File, Format Version 12.00
# Visual Studio 15
VisualStudioVersion = 15.0.26124.0
MinimumVisualStudioVersion = 15.0.26124.0
Project("{FAE04EC0-301F-11D3-BF4B-00C04F79EFBC}") = "Domain", "Domain\Domain.csproj", "{6F0697C4-581B-42C6-A31F-9510E3025760}"
EndProject
Project("{FAE04EC0-301F-11D3-BF4B-00C04F79EFBC}") = "Application", "Application\Application.csproj", "{A1881889-0436-4BF2-8E6C-626291CC698E}"
EndProject
Project("{FAE04EC0-301F-11D3-BF4B-00C04F79EFBC}") = "Persistence", "Persistence\Persistence.csproj", "{48AACD69-4F3B-4C73-AD4D-D8A8E5512F01}"
EndProject
Project("{FAE04EC0-301F-11D3-BF4B-00C04F79EFBC}") = "API", "API\API.csproj", "{32D0A72E-A317-4960-8A79-2303E1ACB6C7}"
EndProject
Project("{FAE04EC0-301F-11D3-BF4B-00C04F79EFBC}") = "Infrastructure", "Infrastructure\Infrastructure.csproj", "{305B4B99-82BF-492F-B5B9-D3963FA897F9}"
EndProject
Global
	GlobalSection(SolutionConfigurationPlatforms) = preSolution
		Debug|Any CPU = Debug|Any CPU
		Debug|x64 = Debug|x64
		Debug|x86 = Debug|x86
		Release|Any CPU = Release|Any CPU
		Release|x64 = Release|x64
		Release|x86 = Release|x86
	EndGlobalSection
	GlobalSection(SolutionProperties) = preSolution
		HideSolutionNode = FALSE
	EndGlobalSection
	GlobalSection(ProjectConfigurationPlatforms) = postSolution
		{6F0697C4-581B-42C6-A31F-9510E3025760}.Debug|Any CPU.ActiveCfg = Debug|Any CPU
		{6F0697C4-581B-42C6-A31F-9510E3025760}.Debug|Any CPU.Build.0 = Debug|Any CPU
		{6F0697C4-581B-42C6-A31F-9510E3025760}.Debug|x64.ActiveCfg = Debug|Any CPU
		{6F0697C4-581B-42C6-A31F-9510E3025760}.Debug|x64.Build.0 = Debug|Any CPU
		{6F0697C4-581B-42C6-A31F-9510E3025760}.Debug|x86.ActiveCfg = Debug|Any CPU
		{6F0697C4-581B-42C6-A31F-9510E3025760}.Debug|x86.Build.0 = Debug|Any CPU
		{6F0697C4-581B-42C6-A31F-9510E3025760}.Release|Any CPU.ActiveCfg = Release|Any CPU
		{6F0697C4-581B-42C6-A31F-9510E3025760}.Release|Any CPU.Build.0 = Release|Any CPU
		{6F0697C4-581B-42C6-A31F-9510E3025760}.Release|x64.ActiveCfg = Release|Any CPU
		{6F0697C4-581B-42C6-A31F-9510E3025760}.Release|x64.Build.0 = Release|Any CPU
		{6F0697C4-581B-42C6-A31F-9510E3025760}.Release|x86.ActiveCfg = Release|Any CPU
		{6F0697C4-581B-42C6-A31F-9510E3025760}.Release|x86.Build.0 = Release|Any CPU
		{A1881889-0436-4BF2-8E6C-626291CC698E}.Debug|Any CPU.ActiveCfg = Debug|Any CPU
		{A1881889-0436-4BF2-8E6C-626291CC698E}.Debug|Any CPU.Build.0 = Debug|Any CPU
		{A1881889-0436-4BF2-8E6C-626291CC698E}.Debug|x64.ActiveCfg = Debug|Any CPU
		{A1881889-0436-4BF2-8E6C-626291CC698E}.Debug|x64.Build.0 = Debug|Any CPU
		{A1881889-0436-4BF2-8E6C-626291CC698E}.Debug|x86.ActiveCfg = Debug|Any CPU
		{A1881889-0436-4BF2-8E6C-626291CC698E}.Debug|x86.Build.0 = Debug|Any CPU
		{A1881889-0436-4BF2-8E6C-626291CC698E}.Release|Any CPU.ActiveCfg = Release|Any CPU
		{A1881889-0436-4BF2-8E6C-626291CC698E}.Release|Any CPU.Build.0 = Release|Any CPU
		{A1881889-0436-4BF2-8E6C-626291CC698E}.Release|x64.ActiveCfg = Release|Any CPU
		{A1881889-0436-4BF2-8E6C-626291CC698E}.Release|x64.Build.0 = Release|Any CPU
		{A1881889-0436-4BF2-8E6C-626291CC698E}.Release|x86.ActiveCfg = Release|Any CPU
		{A1881889-0436-4BF2-8E6C-626291CC698E}.Release|x86.Build.0 = Release|Any CPU
		{48AACD69-4F3B-4C73-AD4D-D8A8E5512F01}.Debug|Any CPU.ActiveCfg = Debug|Any CPU
		{48AACD69-4F3B-4C73-AD4D-D8A8E5512F01}.Debug|Any CPU.Build.0 = Debug|Any CPU
		{48AACD69-4F3B-4C73-AD4D-D8A8E5512F01}.Debug|x64.ActiveCfg = Debug|Any CPU
		{48AACD69-4F3B-4C73-AD4D-D8A8E5512F01}.Debug|x64.Build.0 = Debug|Any CPU
		{48AACD69-4F3B-4C73-AD4D-D8A8E5512F01}.Debug|x86.ActiveCfg = Debug|Any CPU
		{48AACD69-4F3B-4C73-AD4D-D8A8E5512F01}.Debug|x86.Build.0 = Debug|Any CPU
		{48AACD69-4F3B-4C73-AD4D-D8A8E5512F01}.Release|Any CPU.ActiveCfg = Release|Any CPU
		{48AACD69-4F3B-4C73-AD4D-D8A8E5512F01}.Release|Any CPU.Build.0 = Release|Any CPU
		{48AACD69-4F3B-4C73-AD4D-D8A8E5512F01}.Release|x64.ActiveCfg = Release|Any CPU
		{48AACD69-4F3B-4C73-AD4D-D8A8E5512F01}.Release|x64.Build.0 = Release|Any CPU
		{48AACD69-4F3B-4C73-AD4D-D8A8E5512F01}.Release|x86.ActiveCfg = Release|Any CPU
		{48AACD69-4F3B-4C73-AD4D-D8A8E5512F01}.Release|x86.Build.0 = Release|Any CPU
		{32D0A72E-A317-4960-8A79-2303E1ACB6C7}.Debug|Any CPU.ActiveCfg = Debug|Any CPU
		{32D0A72E-A317-4960-8A79-2303E1ACB6C7}.Debug|Any CPU.Build.0 = Debug|Any CPU
		{32D0A72E-A317-4960-8A79-2303E1ACB6C7}.Debug|x64.ActiveCfg = Debug|Any CPU
		{32D0A72E-A317-4960-8A79-2303E1ACB6C7}.Debug|x64.Build.0 = Debug|Any CPU
		{32D0A72E-A317-4960-8A79-2303E1ACB6C7}.Debug|x86.ActiveCfg = Debug|Any CPU
		{32D0A72E-A317-4960-8A79-2303E1ACB6C7}.Debug|x86.Build.0 = Debug|Any CPU
		{32D0A72E-A317-4960-8A79-2303E1ACB6C7}.Release|Any CPU.ActiveCfg = Release|Any CPU
		{32D0A72E-A317-4960-8A79-2303E1ACB6C7}.Release|Any CPU.Build.0 = Release|Any CPU
		{32D0A72E-A317-4960-8A79-2303E1ACB6C7}.Release|x64.ActiveCfg = Release|Any CPU
		{32D0A72E-A317-4960-8A79-2303E1ACB6C7}.Release|x64.Build.0 = Release|Any CPU
		{32D0A72E-A317-4960-8A79-2303E1ACB6C7}.Release|x86.ActiveCfg = Release|Any CPU
		{32D0A72E-A317-4960-8A79-2303E1ACB6C7}.Release|x86.Build.0 = Release|Any CPU
		{305B4B99-82BF-492F-B5B9-D3963FA897F9}.Debug|Any CPU.ActiveCfg = Debug|Any CPU
		{305B4B99-82BF-492F-B5B9-D3963FA897F9}.Debug|Any CPU.Build.0 = Debug|Any CPU
		{305B4B99-82BF-492F-B5B9-D3963FA897F9}.Debug|x64.ActiveCfg = Debug|Any CPU
		{305B4B99-82BF-492F-B5B9-D3963FA897F9}.Debug|x64.Build.0 = Debug|Any CPU
		{305B4B99-82BF-492F-B5B9-D3963FA897F9}.Debug|x86.ActiveCfg = Debug|Any CPU
		{305B4B99-82BF-492F-B5B9-D3963FA897F9}.Debug|x86.Build.0 = Debug|Any CPU
		{305B4B99-82BF-492F-B5B9-D3963FA897F9}.Release|Any CPU.ActiveCfg = Release|Any CPU
		{305B4B99-82BF-492F-B5B9-D3963FA897F9}.Release|Any CPU.Build.0 = Release|Any CPU
		{305B4B99-82BF-492F-B5B9-D3963FA897F9}.Release|x64.ActiveCfg = Release|Any CPU
		{305B4B99-82BF-492F-B5B9-D3963FA897F9}.Release|x64.Build.0 = Release|Any CPU
		{305B4B99-82BF-492F-B5B9-D3963FA897F9}.Release|x86.ActiveCfg = Release|Any CPU
		{305B4B99-82BF-492F-B5B9-D3963FA897F9}.Release|x86.Build.0 = Release|Any CPU
	EndGlobalSection
EndGlobal
